
Microsoft Visual Studio Solution File, Format Version 12.00
# Visual Studio 15
VisualStudioVersion = 15.0.28307.271
MinimumVisualStudioVersion = 10.0.40219.1
Project("{9A19103F-16F7-4668-BE54-9A1E7A4F7556}") = "MVCVirtualPets", "MVCVirtualPets\MVCVirtualPets.csproj", "{A2E3FAFE-82DB-4D27-BD07-E1F169392AC3}"
EndProject
Project("{FAE04EC0-301F-11D3-BF4B-00C04F79EFBC}") = "MVCVirtualPets.Tests", "MVCVirtualPets.Tests\MVCVirtualPets.Tests.csproj", "{89703475-ECE1-41ED-9CCB-A9616B679C4A}"
EndProject
Global
	GlobalSection(SolutionConfigurationPlatforms) = preSolution
		Debug|Any CPU = Debug|Any CPU
		Release|Any CPU = Release|Any CPU
	EndGlobalSection
	GlobalSection(ProjectConfigurationPlatforms) = postSolution
		{A2E3FAFE-82DB-4D27-BD07-E1F169392AC3}.Debug|Any CPU.ActiveCfg = Debug|Any CPU
		{A2E3FAFE-82DB-4D27-BD07-E1F169392AC3}.Debug|Any CPU.Build.0 = Debug|Any CPU
		{A2E3FAFE-82DB-4D27-BD07-E1F169392AC3}.Release|Any CPU.ActiveCfg = Release|Any CPU
		{A2E3FAFE-82DB-4D27-BD07-E1F169392AC3}.Release|Any CPU.Build.0 = Release|Any CPU
		{89703475-ECE1-41ED-9CCB-A9616B679C4A}.Debug|Any CPU.ActiveCfg = Debug|Any CPU
		{89703475-ECE1-41ED-9CCB-A9616B679C4A}.Debug|Any CPU.Build.0 = Debug|Any CPU
		{89703475-ECE1-41ED-9CCB-A9616B679C4A}.Release|Any CPU.ActiveCfg = Release|Any CPU
		{89703475-ECE1-41ED-9CCB-A9616B679C4A}.Release|Any CPU.Build.0 = Release|Any CPU
	EndGlobalSection
	GlobalSection(SolutionProperties) = preSolution
		HideSolutionNode = FALSE
	EndGlobalSection
	GlobalSection(ExtensibilityGlobals) = postSolution
		SolutionGuid = {EC593904-F0BB-4C6F-AAF2-20CB5C388E0E}
	EndGlobalSection
EndGlobal
